
Microsoft Visual Studio Solution File, Format Version 12.00
# Visual Studio 15
VisualStudioVersion = 15.0.27703.2035
MinimumVisualStudioVersion = 10.0.40219.1
Project("{FAE04EC0-301F-11D3-BF4B-00C04F79EFBC}") = "advent-1-captcha", "advent-1-captcha\advent-1-captcha.csproj", "{9854474C-AEF2-4C15-8631-E3AFF733D7D3}"
EndProject
Project("{FAE04EC0-301F-11D3-BF4B-00C04F79EFBC}") = "advent-2-checksum", "advent-2-checksum\advent-2-checksum.csproj", "{49E2131A-9681-4F9E-844D-2292D233C568}"
EndProject
Global
	GlobalSection(SolutionConfigurationPlatforms) = preSolution
		Debug|Any CPU = Debug|Any CPU
		Release|Any CPU = Release|Any CPU
	EndGlobalSection
	GlobalSection(ProjectConfigurationPlatforms) = postSolution
		{9854474C-AEF2-4C15-8631-E3AFF733D7D3}.Debug|Any CPU.ActiveCfg = Debug|Any CPU
		{9854474C-AEF2-4C15-8631-E3AFF733D7D3}.Debug|Any CPU.Build.0 = Debug|Any CPU
		{9854474C-AEF2-4C15-8631-E3AFF733D7D3}.Release|Any CPU.ActiveCfg = Release|Any CPU
		{9854474C-AEF2-4C15-8631-E3AFF733D7D3}.Release|Any CPU.Build.0 = Release|Any CPU
		{49E2131A-9681-4F9E-844D-2292D233C568}.Debug|Any CPU.ActiveCfg = Debug|Any CPU
		{49E2131A-9681-4F9E-844D-2292D233C568}.Debug|Any CPU.Build.0 = Debug|Any CPU
		{49E2131A-9681-4F9E-844D-2292D233C568}.Release|Any CPU.ActiveCfg = Release|Any CPU
		{49E2131A-9681-4F9E-844D-2292D233C568}.Release|Any CPU.Build.0 = Release|Any CPU
	EndGlobalSection
	GlobalSection(SolutionProperties) = preSolution
		HideSolutionNode = FALSE
	EndGlobalSection
	GlobalSection(ExtensibilityGlobals) = postSolution
		SolutionGuid = {6E48820E-31D0-488F-B7CB-2CFF2DB12D8C}
	EndGlobalSection
EndGlobal
